{
    "_readme": [
        "This file locks the dependencies of your project to a known state",
        "Read more about it at https://getcomposer.org/doc/01-basic-usage.md#installing-dependencies",
        "This file is @generated automatically"
    ],
    "content-hash": "10c9aa39396b2879ec9a8f8c115e8d4e",
    "packages": [
        {
            "name": "mnsami/composer-custom-directory-installer",
            "version": "dev-master",
            "source": {
                "type": "git",
                "url": "https://github.com/mnsami/composer-custom-directory-installer.git",
                "reference": "1ccaf2da421dd9f6bcec4631c38e69e67677125f"
            },
            "dist": {
                "type": "zip",
                "url": "https://api.github.com/repos/mnsami/composer-custom-directory-installer/zipball/1ccaf2da421dd9f6bcec4631c38e69e67677125f",
                "reference": "1ccaf2da421dd9f6bcec4631c38e69e67677125f",
                "shasum": ""
            },
            "require": {
                "composer-plugin-api": "^1.0",
                "php": ">=5.3"
            },
            "type": "composer-plugin",
            "extra": {
                "class": [
                    "Composer\\CustomDirectoryInstaller\\LibraryPlugin",
                    "Composer\\CustomDirectoryInstaller\\PearPlugin",
                    "Composer\\CustomDirectoryInstaller\\PluginPlugin"
                ],
                "branch-alias": {
                    "dev-master": "1.1.x-dev"
                }
            },
            "autoload": {
                "psr-0": {
                    "Composer\\CustomDirectoryInstaller": "src/"
                }
            },
            "notification-url": "https://packagist.org/downloads/",
            "license": [
                "MIT"
            ],
            "authors": [
                {
                    "name": "Mina Nabil Sami",
                    "email": "mina.nsami@gmail.com"
                }
            ],
            "description": "A composer plugin, to help install packages of different types in custom paths.",
            "keywords": [
                "composer",
                "composer-installer",
                "composer-plugin"
            ],
            "time": "2017-08-14T19:50:19+00:00"
        },
        {
            "name": "neoan3-apps/ops",
            "version": "dev-master",
            "source": {
                "type": "git",
                "url": "https://github.com/sroehrl/neoan3-ops.git",
                "reference": "b0f1e2b988b724fe4428d639bfcefa858302877a"
            },
            "dist": {
                "type": "zip",
                "url": "https://api.github.com/repos/sroehrl/neoan3-ops/zipball/b0f1e2b988b724fe4428d639bfcefa858302877a",
                "reference": "b0f1e2b988b724fe4428d639bfcefa858302877a",
                "shasum": ""
            },
            "require": {
                "ext-dom": "*",
                "ext-json": "*",
                "ext-mbstring": "*",
                "ext-openssl": "*"
            },
            "require-dev": {
                "phpunit/phpunit": "^8.3"
            },
            "type": "library",
            "autoload": {
                "psr-4": {
                    "Neoan3\\Apps\\": "./"
                }
            },
            "notification-url": "https://packagist.org/downloads/",
            "license": [
                "MIT"
            ],
            "description": "neoan3 common string operations helper class",
            "time": "2019-09-29T14:38:29+00:00"

        },
        {
            "name": "sroehrl/neoan3Pwa",
            "version": "dev-master",
            "source": {
                "type": "git",
                "url": "https://github.com/sroehrl/neoan3Pwa.git",
                "reference": "43df871aeb057ec9e97ac9b9a5df387787f14bad"
            },
            "dist": {
                "type": "zip",
                "url": "https://api.github.com/repos/sroehrl/neoan3Pwa/zipball/43df871aeb057ec9e97ac9b9a5df387787f14bad",
                "reference": "43df871aeb057ec9e97ac9b9a5df387787f14bad",
                "shasum": ""
            },
            "require": {
                "mnsami/composer-custom-directory-installer": "1.1.*",
                "neoan3-apps/ops": "dev-master"
            },
            "type": "library",
            "extra": {
                "installer-paths": {
                    "./frame/{$name}": [],
                    "./model/{$name}": [],
                    "./component/{$name}": []
                }
            },
            "license": [
                "MIT"
            ],
            "description": "Simple neoan3 PWA helper",
            "support": {
                "source": "https://github.com/sroehrl/neoan3Pwa/tree/master",
                "issues": "https://github.com/sroehrl/neoan3Pwa/issues"
            },
            "time": "2019-10-23T16:32:37+00:00"

        }
    ],
    "packages-dev": [],
    "aliases": [],
    "minimum-stability": "dev",
    "stability-flags": {
        "neoan3-apps/ops": 20,
        "sroehrl/neoan3pwa": 20
    },
    "prefer-stable": false,
    "prefer-lowest": false,
    "platform": {
        "php": "^5.6 || ^7.0",
        "ext-json": "*"
    },
    "platform-dev": []
}
